// !$*UTF8*$!
{
	archiveVersion = 1;
	classes = {
	};
	objectVersion = 50;
	objects = {

/* Begin PBXBuildFile section */
		E45E256B2667ED77006854F9 /* AppDelegate.swift in Sources */ = {isa = PBXBuildFile; fileRef = E45E256A2667ED77006854F9 /* AppDelegate.swift */; };
		E45E256D2667ED77006854F9 /* SceneDelegate.swift in Sources */ = {isa = PBXBuildFile; fileRef = E45E256C2667ED77006854F9 /* SceneDelegate.swift */; };
		E45E25722667ED77006854F9 /* Main.storyboard in Resources */ = {isa = PBXBuildFile; fileRef = E45E25702667ED77006854F9 /* Main.storyboard */; };
		E45E25742667ED78006854F9 /* Assets.xcassets in Resources */ = {isa = PBXBuildFile; fileRef = E45E25732667ED78006854F9 /* Assets.xcassets */; };
		E45E25772667ED78006854F9 /* LaunchScreen.storyboard in Resources */ = {isa = PBXBuildFile; fileRef = E45E25752667ED78006854F9 /* LaunchScreen.storyboard */; };
		E4B10E7E267AA85F00C28CF3 /* Teoria2ViewController.swift in Sources */ = {isa = PBXBuildFile; fileRef = E4B10E7D267AA85F00C28CF3 /* Teoria2ViewController.swift */; };
		E4F9D88B266945D900A7D289 /* TelasViewController.swift in Sources */ = {isa = PBXBuildFile; fileRef = E4F9D88A266945D900A7D289 /* TelasViewController.swift */; };
		E4F9D88D2669475300A7D289 /* JogarTeoriaViewController.swift in Sources */ = {isa = PBXBuildFile; fileRef = E4F9D88C2669475300A7D289 /* JogarTeoriaViewController.swift */; };
		E4F9D88F26694D0B00A7D289 /* Fase.swift in Sources */ = {isa = PBXBuildFile; fileRef = E4F9D88E26694D0B00A7D289 /* Fase.swift */; };
		E4F9D891266969C700A7D289 /* TelaFinalViewController.swift in Sources */ = {isa = PBXBuildFile; fileRef = E4F9D890266969C700A7D289 /* TelaFinalViewController.swift */; };
/* End PBXBuildFile section */

/* Begin PBXFileReference section */
		E45E25672667ED77006854F9 /* Crap Game.app */ = {isa = PBXFileReference; explicitFileType = wrapper.application; includeInIndex = 0; path = "Crap Game.app"; sourceTree = BUILT_PRODUCTS_DIR; };
		E45E256A2667ED77006854F9 /* AppDelegate.swift */ = {isa = PBXFileReference; lastKnownFileType = sourcecode.swift; path = AppDelegate.swift; sourceTree = "<group>"; };
		E45E256C2667ED77006854F9 /* SceneDelegate.swift */ = {isa = PBXFileReference; lastKnownFileType = sourcecode.swift; path = SceneDelegate.swift; sourceTree = "<group>"; };
		E45E25712667ED77006854F9 /* Base */ = {isa = PBXFileReference; lastKnownFileType = file.storyboard; name = Base; path = Base.lproj/Main.storyboard; sourceTree = "<group>"; };
		E45E25732667ED78006854F9 /* Assets.xcassets */ = {isa = PBXFileReference; lastKnownFileType = folder.assetcatalog; path = Assets.xcassets; sourceTree = "<group>"; };
		E45E25762667ED78006854F9 /* Base */ = {isa = PBXFileReference; lastKnownFileType = file.storyboard; name = Base; path = Base.lproj/LaunchScreen.storyboard; sourceTree = "<group>"; };
		E45E25782667ED78006854F9 /* Info.plist */ = {isa = PBXFileReference; lastKnownFileType = text.plist.xml; path = Info.plist; sourceTree = "<group>"; };
		E4B10E7D267AA85F00C28CF3 /* Teoria2ViewController.swift */ = {isa = PBXFileReference; lastKnownFileType = sourcecode.swift; path = Teoria2ViewController.swift; sourceTree = "<group>"; };
		E4F9D88A266945D900A7D289 /* TelasViewController.swift */ = {isa = PBXFileReference; lastKnownFileType = sourcecode.swift; path = TelasViewController.swift; sourceTree = "<group>"; };
		E4F9D88C2669475300A7D289 /* JogarTeoriaViewController.swift */ = {isa = PBXFileReference; lastKnownFileType = sourcecode.swift; path = JogarTeoriaViewController.swift; sourceTree = "<group>"; };
		E4F9D88E26694D0B00A7D289 /* Fase.swift */ = {isa = PBXFileReference; lastKnownFileType = sourcecode.swift; path = Fase.swift; sourceTree = "<group>"; };
		E4F9D890266969C700A7D289 /* TelaFinalViewController.swift */ = {isa = PBXFileReference; lastKnownFileType = sourcecode.swift; path = TelaFinalViewController.swift; sourceTree = "<group>"; };
/* End PBXFileReference section */

/* Begin PBXFrameworksBuildPhase section */
		E45E25642667ED77006854F9 /* Frameworks */ = {
			isa = PBXFrameworksBuildPhase;
			buildActionMask = 2147483647;
			files = (
			);
			runOnlyForDeploymentPostprocessing = 0;
		};
/* End PBXFrameworksBuildPhase section */

/* Begin PBXGroup section */
		E45E255E2667ED77006854F9 = {
			isa = PBXGroup;
			children = (
				E45E25692667ED77006854F9 /* Crap Game */,
				E45E25682667ED77006854F9 /* Products */,
			);
			sourceTree = "<group>";
		};
		E45E25682667ED77006854F9 /* Products */ = {
			isa = PBXGroup;
			children = (
				E45E25672667ED77006854F9 /* Crap Game.app */,
			);
			name = Products;
			sourceTree = "<group>";
		};
		E45E25692667ED77006854F9 /* Crap Game */ = {
			isa = PBXGroup;
			children = (
				E45E256A2667ED77006854F9 /* AppDelegate.swift */,
				E45E256C2667ED77006854F9 /* SceneDelegate.swift */,
				E45E25702667ED77006854F9 /* Main.storyboard */,
				E4B10E7D267AA85F00C28CF3 /* Teoria2ViewController.swift */,
				E4F9D890266969C700A7D289 /* TelaFinalViewController.swift */,
				E4F9D88C2669475300A7D289 /* JogarTeoriaViewController.swift */,
				E4F9D88A266945D900A7D289 /* TelasViewController.swift */,
				E4F9D88E26694D0B00A7D289 /* Fase.swift */,
				E45E25732667ED78006854F9 /* Assets.xcassets */,
				E45E25752667ED78006854F9 /* LaunchScreen.storyboard */,
				E45E25782667ED78006854F9 /* Info.plist */,
			);
			path = "Crap Game";
			sourceTree = "<group>";
		};
/* End PBXGroup section */

/* Begin PBXNativeTarget section */
		E45E25662667ED77006854F9 /* Crap Game */ = {
			isa = PBXNativeTarget;
			buildConfigurationList = E45E257B2667ED78006854F9 /* Build configuration list for PBXNativeTarget "Crap Game" */;
			buildPhases = (
				E45E25632667ED77006854F9 /* Sources */,
				E45E25642667ED77006854F9 /* Frameworks */,
				E45E25652667ED77006854F9 /* Resources */,
			);
			buildRules = (
			);
			dependencies = (
			);
			name = "Crap Game";
			productName = "Crap Game";
			productReference = E45E25672667ED77006854F9 /* Crap Game.app */;
			productType = "com.apple.product-type.application";
		};
/* End PBXNativeTarget section */

/* Begin PBXProject section */
		E45E255F2667ED77006854F9 /* Project object */ = {
			isa = PBXProject;
			attributes = {
				LastSwiftUpdateCheck = 1250;
				LastUpgradeCheck = 1250;
				TargetAttributes = {
					E45E25662667ED77006854F9 = {
						CreatedOnToolsVersion = 12.5;
					};
				};
			};
			buildConfigurationList = E45E25622667ED77006854F9 /* Build configuration list for PBXProject "Crap Game" */;
			compatibilityVersion = "Xcode 9.3";
			developmentRegion = en;
			hasScannedForEncodings = 0;
			knownRegions = (
				en,
				Base,
			);
			mainGroup = E45E255E2667ED77006854F9;
			productRefGroup = E45E25682667ED77006854F9 /* Products */;
			projectDirPath = "";
			projectRoot = "";
			targets = (
				E45E25662667ED77006854F9 /* Crap Game */,
			);
		};
/* End PBXProject section */

/* Begin PBXResourcesBuildPhase section */
		E45E25652667ED77006854F9 /* Resources */ = {
			isa = PBXResourcesBuildPhase;
			buildActionMask = 2147483647;
			files = (
				E45E25772667ED78006854F9 /* LaunchScreen.storyboard in Resources */,
				E45E25742667ED78006854F9 /* Assets.xcassets in Resources */,
				E45E25722667ED77006854F9 /* Main.storyboard in Resources */,
			);
			runOnlyForDeploymentPostprocessing = 0;
		};
/* End PBXResourcesBuildPhase section */

/* Begin PBXSourcesBuildPhase section */
		E45E25632667ED77006854F9 /* Sources */ = {
			isa = PBXSourcesBuildPhase;
			buildActionMask = 2147483647;
			files = (
				E4B10E7E267AA85F00C28CF3 /* Teoria2ViewController.swift in Sources */,
				E4F9D88F26694D0B00A7D289 /* Fase.swift in Sources */,
				E4F9D88B266945D900A7D289 /* TelasViewController.swift in Sources */,
				E45E256B2667ED77006854F9 /* AppDelegate.swift in Sources */,
				E4F9D88D2669475300A7D289 /* JogarTeoriaViewController.swift in Sources */,
				E4F9D891266969C700A7D289 /* TelaFinalViewController.swift in Sources */,
				E45E256D2667ED77006854F9 /* SceneDelegate.swift in Sources */,
			);
			runOnlyForDeploymentPostprocessing = 0;
		};
/* End PBXSourcesBuildPhase section */

/* Begin PBXVariantGroup section */
		E45E25702667ED77006854F9 /* Main.storyboard */ = {
			isa = PBXVariantGroup;
			children = (
				E45E25712667ED77006854F9 /* Base */,
			);
			name = Main.storyboard;
			sourceTree = "<group>";
		};
		E45E25752667ED78006854F9 /* LaunchScreen.storyboard */ = {
			isa = PBXVariantGroup;
			children = (
				E45E25762667ED78006854F9 /* Base */,
			);
			name = LaunchScreen.storyboard;
			sourceTree = "<group>";
		};
/* End PBXVariantGroup section */

/* Begin XCBuildConfiguration section */
		E45E25792667ED78006854F9 /* Debug */ = {
			isa = XCBuildConfiguration;
			buildSettings = {
				ALWAYS_SEARCH_USER_PATHS = NO;
				CLANG_ANALYZER_NONNULL = YES;
				CLANG_ANALYZER_NUMBER_OBJECT_CONVERSION = YES_AGGRESSIVE;
				CLANG_CXX_LANGUAGE_STANDARD = "gnu++14";
				CLANG_CXX_LIBRARY = "libc++";
				CLANG_ENABLE_MODULES = YES;
				CLANG_ENABLE_OBJC_ARC = YES;
				CLANG_ENABLE_OBJC_WEAK = YES;
				CLANG_WARN_BLOCK_CAPTURE_AUTORELEASING = YES;
				CLANG_WARN_BOOL_CONVERSION = YES;
				CLANG_WARN_COMMA = YES;
				CLANG_WARN_CONSTANT_CONVERSION = YES;
				CLANG_WARN_DEPRECATED_OBJC_IMPLEMENTATIONS = YES;
				CLANG_WARN_DIRECT_OBJC_ISA_USAGE = YES_ERROR;
				CLANG_WARN_DOCUMENTATION_COMMENTS = YES;
				CLANG_WARN_EMPTY_BODY = YES;
				CLANG_WARN_ENUM_CONVERSION = YES;
				CLANG_WARN_INFINITE_RECURSION = YES;
				CLANG_WARN_INT_CONVERSION = YES;
				CLANG_WARN_NON_LITERAL_NULL_CONVERSION = YES;
				CLANG_WARN_OBJC_IMPLICIT_RETAIN_SELF = YES;
				CLANG_WARN_OBJC_LITERAL_CONVERSION = YES;
				CLANG_WARN_OBJC_ROOT_CLASS = YES_ERROR;
				CLANG_WARN_QUOTED_INCLUDE_IN_FRAMEWORK_HEADER = YES;
				CLANG_WARN_RANGE_LOOP_ANALYSIS = YES;
				CLANG_WARN_STRICT_PROTOTYPES = YES;
				CLANG_WARN_SUSPICIOUS_MOVE = YES;
				CLANG_WARN_UNGUARDED_AVAILABILITY = YES_AGGRESSIVE;
				CLANG_WARN_UNREACHABLE_CODE = YES;
				CLANG_WARN__DUPLICATE_METHOD_MATCH = YES;
				COPY_PHASE_STRIP = NO;
				DEBUG_INFORMATION_FORMAT = dwarf;
				ENABLE_STRICT_OBJC_MSGSEND = YES;
				ENABLE_TESTABILITY = YES;
				GCC_C_LANGUAGE_STANDARD = gnu11;
				GCC_DYNAMIC_NO_PIC = NO;
				GCC_NO_COMMON_BLOCKS = YES;
				GCC_OPTIMIZATION_LEVEL = 0;
				GCC_PREPROCESSOR_DEFINITIONS = (
					"DEBUG=1",
					"$(inherited)",
				);
				GCC_WARN_64_TO_32_BIT_CONVERSION = YES;
				GCC_WARN_ABOUT_RETURN_TYPE = YES_ERROR;
				GCC_WARN_UNDECLARED_SELECTOR = YES;
				GCC_WARN_UNINITIALIZED_AUTOS = YES_AGGRESSIVE;
				GCC_WARN_UNUSED_FUNCTION = YES;
				GCC_WARN_UNUSED_VARIABLE = YES;
				IPHONEOS_DEPLOYMENT_TARGET = 14.5;
				MTL_ENABLE_DEBUG_INFO = INCLUDE_SOURCE;
				MTL_FAST_MATH = YES;
				ONLY_ACTIVE_ARCH = YES;
				SDKROOT = iphoneos;
				SWIFT_ACTIVE_COMPILATION_CONDITIONS = DEBUG;
				SWIFT_OPTIMIZATION_LEVEL = "-Onone";
			};
			name = Debug;
		};
		E45E257A2667ED78006854F9 /* Release */ = {
			isa = XCBuildConfiguration;
			buildSettings = {
				ALWAYS_SEARCH_USER_PATHS = NO;
				CLANG_ANALYZER_NONNULL = YES;
				CLANG_ANALYZER_NUMBER_OBJECT_CONVERSION = YES_AGGRESSIVE;
				CLANG_CXX_LANGUAGE_STANDARD = "gnu++14";
				CLANG_CXX_LIBRARY = "libc++";
				CLANG_ENABLE_MODULES = YES;
				CLANG_ENABLE_OBJC_ARC = YES;
				CLANG_ENABLE_OBJC_WEAK = YES;
				CLANG_WARN_BLOCK_CAPTURE_AUTORELEASING = YES;
				CLANG_WARN_BOOL_CONVERSION = YES;
				CLANG_WARN_COMMA = YES;
				CLANG_WARN_CONSTANT_CONVERSION = YES;
				CLANG_WARN_DEPRECATED_OBJC_IMPLEMENTATIONS = YES;
				CLANG_WARN_DIRECT_OBJC_ISA_USAGE = YES_ERROR;
				CLANG_WARN_DOCUMENTATION_COMMENTS = YES;
				CLANG_WARN_EMPTY_BODY = YES;
				CLANG_WARN_ENUM_CONVERSION = YES;
				CLANG_WARN_INFINITE_RECURSION = YES;
				CLANG_WARN_INT_CONVERSION = YES;
				CLANG_WARN_NON_LITERAL_NULL_CONVERSION = YES;
				CLANG_WARN_OBJC_IMPLICIT_RETAIN_SELF = YES;
				CLANG_WARN_OBJC_LITERAL_CONVERSION = YES;
				CLANG_WARN_OBJC_ROOT_CLASS = YES_ERROR;
				CLANG_WARN_QUOTED_INCLUDE_IN_FRAMEWORK_HEADER = YES;
				CLANG_WARN_RANGE_LOOP_ANALYSIS = YES;
				CLANG_WARN_STRICT_PROTOTYPES = YES;
				CLANG_WARN_SUSPICIOUS_MOVE = YES;
				CLANG_WARN_UNGUARDED_AVAILABILITY = YES_AGGRESSIVE;
				CLANG_WARN_UNREACHABLE_CODE = YES;
				CLANG_WARN__DUPLICATE_METHOD_MATCH = YES;
				COPY_PHASE_STRIP = NO;
				DEBUG_INFORMATION_FORMAT = "dwarf-with-dsym";
				ENABLE_NS_ASSERTIONS = NO;
				ENABLE_STRICT_OBJC_MSGSEND = YES;
				GCC_C_LANGUAGE_STANDARD = gnu11;
				GCC_NO_COMMON_BLOCKS = YES;
				GCC_WARN_64_TO_32_BIT_CONVERSION = YES;
				GCC_WARN_ABOUT_RETURN_TYPE = YES_ERROR;
				GCC_WARN_UNDECLARED_SELECTOR = YES;
				GCC_WARN_UNINITIALIZED_AUTOS = YES_AGGRESSIVE;
				GCC_WARN_UNUSED_FUNCTION = YES;
				GCC_WARN_UNUSED_VARIABLE = YES;
				IPHONEOS_DEPLOYMENT_TARGET = 14.5;
				MTL_ENABLE_DEBUG_INFO = NO;
				MTL_FAST_MATH = YES;
				SDKROOT = iphoneos;
				SWIFT_COMPILATION_MODE = wholemodule;
				SWIFT_OPTIMIZATION_LEVEL = "-O";
				VALIDATE_PRODUCT = YES;
			};
			name = Release;
		};
		E45E257C2667ED78006854F9 /* Debug */ = {
			isa = XCBuildConfiguration;
			buildSettings = {
				ASSETCATALOG_COMPILER_APPICON_NAME = AppIcon;
				ASSETCATALOG_COMPILER_GLOBAL_ACCENT_COLOR_NAME = AccentColor;
				CODE_SIGN_IDENTITY = "Apple Development";
				CODE_SIGN_STYLE = Automatic;
				CURRENT_PROJECT_VERSION = 2;
				DEVELOPMENT_TEAM = 9X7UY2FV75;
				INFOPLIST_FILE = "Crap Game/Info.plist";
				IPHONEOS_DEPLOYMENT_TARGET = 14.4;
				LD_RUNPATH_SEARCH_PATHS = (
					"$(inherited)",
					"@executable_path/Frameworks",
				);
				PRODUCT_BUNDLE_IDENTIFIER = DreamTeampApp.Crap;
				PRODUCT_NAME = "$(TARGET_NAME)";
				PROVISIONING_PROFILE_SPECIFIER = "";
				SWIFT_VERSION = 5.0;
				TARGETED_DEVICE_FAMILY = 1;
			};
			name = Debug;
		};
		E45E257D2667ED78006854F9 /* Release */ = {
			isa = XCBuildConfiguration;
			buildSettings = {
				ASSETCATALOG_COMPILER_APPICON_NAME = AppIcon;
				ASSETCATALOG_COMPILER_GLOBAL_ACCENT_COLOR_NAME = AccentColor;
				CODE_SIGN_IDENTITY = "Apple Development";
				CODE_SIGN_STYLE = Automatic;
				CURRENT_PROJECT_VERSION = 2;
				DEVELOPMENT_TEAM = 9X7UY2FV75;
				INFOPLIST_FILE = "Crap Game/Info.plist";
				IPHONEOS_DEPLOYMENT_TARGET = 14.4;
				LD_RUNPATH_SEARCH_PATHS = (
					"$(inherited)",
					"@executable_path/Frameworks",
				);
				PRODUCT_BUNDLE_IDENTIFIER = DreamTeampApp.Crap;
				PRODUCT_NAME = "$(TARGET_NAME)";
				PROVISIONING_PROFILE_SPECIFIER = "";
				SWIFT_VERSION = 5.0;
				TARGETED_DEVICE_FAMILY = 1;
			};
			name = Release;
		};
/* End XCBuildConfiguration section */

/* Begin XCConfigurationList section */
		E45E25622667ED77006854F9 /* Build configuration list for PBXProject "Crap Game" */ = {
			isa = XCConfigurationList;
			buildConfigurations = (
				E45E25792667ED78006854F9 /* Debug */,
				E45E257A2667ED78006854F9 /* Release */,
			);
			defaultConfigurationIsVisible = 0;
			defaultConfigurationName = Release;
		};
		E45E257B2667ED78006854F9 /* Build configuration list for PBXNativeTarget "Crap Game" */ = {
			isa = XCConfigurationList;
			buildConfigurations = (
				E45E257C2667ED78006854F9 /* Debug */,
				E45E257D2667ED78006854F9 /* Release */,
			);
			defaultConfigurationIsVisible = 0;
			defaultConfigurationName = Release;
		};
/* End XCConfigurationList section */
	};
	rootObject = E45E255F2667ED77006854F9 /* Project object */;
}
